lockfileVersion: '9.0'

settings:
  autoInstallPeers: true
  excludeLinksFromLockfile: false

importers:

  .:
    dependencies:
      json-stream-stringify:
        specifier: ^3.1.6
        version: 3.1.6
      smol-toml:
        specifier: ^1.3.1
        version: 1.3.1

packages:

  json-stream-stringify@3.1.6:
    resolution: {integrity: sha512-x7fpwxOkbhFCaJDJ8vb1fBY3DdSa4AlITaz+HHILQJzdPMnHEFjxPwVUi1ALIbcIxDE0PNe/0i7frnY8QnBQog==}
    engines: {node: '>=7.10.1'}

  smol-toml@1.3.1:
    resolution: {integrity: sha512-tEYNll18pPKHroYSmLLrksq233j021G0giwW7P3D24jC54pQ5W5BXMsQ/Mvw1OJCmEYDgY+lrzT+3nNUtoNfXQ==}
    engines: {node: '>= 18'}

snapshots:

  json-stream-stringify@3.1.6: {}

  smol-toml@1.3.1: {}
